
Microsoft Visual Studio Solution File, Format Version 12.00
# Visual Studio Version 17
VisualStudioVersion = 17.7.34024.191
MinimumVisualStudioVersion = 10.0.40219.1
Project("{FAE04EC0-301F-11D3-BF4B-00C04F79EFBC}") = "SchoolManager", "SchoolManager.csproj", "{F07A19D8-0D98-4B9F-ACD9-AA8C0EEBE90B}"
EndProject
Global
	GlobalSection(SolutionConfigurationPlatforms) = preSolution
		Debug|Any CPU = Debug|Any CPU
		Release|Any CPU = Release|Any CPU
	EndGlobalSection
	GlobalSection(ProjectConfigurationPlatforms) = postSolution
		{F07A19D8-0D98-4B9F-ACD9-AA8C0EEBE90B}.Debug|Any CPU.ActiveCfg = Debug|Any CPU
		{F07A19D8-0D98-4B9F-ACD9-AA8C0EEBE90B}.Debug|Any CPU.Build.0 = Debug|Any CPU
		{F07A19D8-0D98-4B9F-ACD9-AA8C0EEBE90B}.Release|Any CPU.ActiveCfg = Release|Any CPU
		{F07A19D8-0D98-4B9F-ACD9-AA8C0EEBE90B}.Release|Any CPU.Build.0 = Release|Any CPU
	EndGlobalSection
	GlobalSection(SolutionProperties) = preSolution
		HideSolutionNode = FALSE
	EndGlobalSection
	GlobalSection(ExtensibilityGlobals) = postSolution
		SolutionGuid = {F86F3253-7F78-48BA-9AF0-D80D44E76D9F}
	EndGlobalSection
EndGlobal
